
Microsoft Visual Studio Solution File, Format Version 12.00
# Visual Studio Version 17
VisualStudioVersion = 17.12.35707.178
MinimumVisualStudioVersion = 10.0.40219.1
Project("{FAE04EC0-301F-11D3-BF4B-00C04F79EFBC}") = "ThriftEKartApp", "ThriftEKartApp\ThriftEKartApp.csproj", "{9C523353-F553-4AAF-9953-ADEB460BBDE0}"
EndProject
Project("{FAE04EC0-301F-11D3-BF4B-00C04F79EFBC}") = "ThriftEKartClassLibrary", "ThriftEKartClassLibrary\ThriftEKartClassLibrary.csproj", "{401AD4AA-A7FC-45D3-951C-4557247716E3}"
EndProject
Project("{2150E333-8FDC-42A3-9474-1A3956D46DE8}") = "Solution Items", "Solution Items", "{23EE79EB-92F3-4E53-8D8B-3F05B0563EBD}"
	ProjectSection(SolutionItems) = preProject
		ThriftEKartDB.sql = ThriftEKartDB.sql
	EndProjectSection
EndProject
Global
	GlobalSection(SolutionConfigurationPlatforms) = preSolution
		Debug|Any CPU = Debug|Any CPU
		Release|Any CPU = Release|Any CPU
	EndGlobalSection
	GlobalSection(ProjectConfigurationPlatforms) = postSolution
		{9C523353-F553-4AAF-9953-ADEB460BBDE0}.Debug|Any CPU.ActiveCfg = Debug|Any CPU
		{9C523353-F553-4AAF-9953-ADEB460BBDE0}.Debug|Any CPU.Build.0 = Debug|Any CPU
		{9C523353-F553-4AAF-9953-ADEB460BBDE0}.Release|Any CPU.ActiveCfg = Release|Any CPU
		{9C523353-F553-4AAF-9953-ADEB460BBDE0}.Release|Any CPU.Build.0 = Release|Any CPU
		{401AD4AA-A7FC-45D3-951C-4557247716E3}.Debug|Any CPU.ActiveCfg = Debug|Any CPU
		{401AD4AA-A7FC-45D3-951C-4557247716E3}.Debug|Any CPU.Build.0 = Debug|Any CPU
		{401AD4AA-A7FC-45D3-951C-4557247716E3}.Release|Any CPU.ActiveCfg = Release|Any CPU
		{401AD4AA-A7FC-45D3-951C-4557247716E3}.Release|Any CPU.Build.0 = Release|Any CPU
	EndGlobalSection
	GlobalSection(SolutionProperties) = preSolution
		HideSolutionNode = FALSE
	EndGlobalSection
EndGlobal
